
Microsoft Visual Studio Solution File, Format Version 12.00
# Visual Studio Version 17
VisualStudioVersion = 17.11.35327.3
MinimumVisualStudioVersion = 10.0.40219.1
Project("{2150E333-8FDC-42A3-9474-1A3956D46DE8}") = "src", "src", "{4FF1D16D-CCB6-4486-92BE-0BFEB906E8F2}"
EndProject
Project("{2150E333-8FDC-42A3-9474-1A3956D46DE8}") = "VideStore.Core", "VideStore.Core", "{254873D2-0726-4468-AA2F-10D976A8DDD6}"
EndProject
Project("{2150E333-8FDC-42A3-9474-1A3956D46DE8}") = "VideStore.Infrastructure", "VideStore.Infrastructure", "{B0851E74-CFC2-4626-A894-F8336D3660D8}"
EndProject
Project("{2150E333-8FDC-42A3-9474-1A3956D46DE8}") = "VideStore.Presentation", "VideStore.Presentation", "{842FE3CC-3CFE-49A3-A9B1-0E4E2DAC9676}"
EndProject
Project("{FAE04EC0-301F-11D3-BF4B-00C04F79EFBC}") = "VideStore.Domain", "VideStore.Core.Domain\VideStore.Domain.csproj", "{81FB47E2-5816-49AD-AE4D-6E37B2825566}"
EndProject
Project("{FAE04EC0-301F-11D3-BF4B-00C04F79EFBC}") = "VideStore.Application", "VideStore.Core.Application\VideStore.Application.csproj", "{573DF7E3-350B-4F69-8EE7-FE5C4F0A5C2F}"
EndProject
Project("{FAE04EC0-301F-11D3-BF4B-00C04F79EFBC}") = "VideStore.Infrastructure", "VideStore.Infrastructure\VideStore.Infrastructure.csproj", "{1D91C8F5-53F2-47AD-B7F7-BE8D705A5F2D}"
EndProject
Project("{FAE04EC0-301F-11D3-BF4B-00C04F79EFBC}") = "VideStore.Presistence", "VideStore.Presistence\VideStore.Presistence.csproj", "{E8C7E18E-3145-4910-AD24-21086FA6C6CC}"
EndProject
Project("{FAE04EC0-301F-11D3-BF4B-00C04F79EFBC}") = "VideStore.Api", "VideStore.Api\VideStore.Api.csproj", "{2B8A1BD7-CE2C-4E62-A618-D111AFE669E7}"
EndProject
Project("{FAE04EC0-301F-11D3-BF4B-00C04F79EFBC}") = "VideStore.Shared", "VideStore.Shared\VideStore.Shared.csproj", "{DE446D12-4AA3-493D-A47D-B79AEF651C7D}"
EndProject
Global
	GlobalSection(SolutionConfigurationPlatforms) = preSolution
		Debug|Any CPU = Debug|Any CPU
		Release|Any CPU = Release|Any CPU
	EndGlobalSection
	GlobalSection(ProjectConfigurationPlatforms) = postSolution
		{81FB47E2-5816-49AD-AE4D-6E37B2825566}.Debug|Any CPU.ActiveCfg = Debug|Any CPU
		{81FB47E2-5816-49AD-AE4D-6E37B2825566}.Debug|Any CPU.Build.0 = Debug|Any CPU
		{81FB47E2-5816-49AD-AE4D-6E37B2825566}.Release|Any CPU.ActiveCfg = Release|Any CPU
		{81FB47E2-5816-49AD-AE4D-6E37B2825566}.Release|Any CPU.Build.0 = Release|Any CPU
		{573DF7E3-350B-4F69-8EE7-FE5C4F0A5C2F}.Debug|Any CPU.ActiveCfg = Debug|Any CPU
		{573DF7E3-350B-4F69-8EE7-FE5C4F0A5C2F}.Debug|Any CPU.Build.0 = Debug|Any CPU
		{573DF7E3-350B-4F69-8EE7-FE5C4F0A5C2F}.Release|Any CPU.ActiveCfg = Release|Any CPU
		{573DF7E3-350B-4F69-8EE7-FE5C4F0A5C2F}.Release|Any CPU.Build.0 = Release|Any CPU
		{1D91C8F5-53F2-47AD-B7F7-BE8D705A5F2D}.Debug|Any CPU.ActiveCfg = Debug|Any CPU
		{1D91C8F5-53F2-47AD-B7F7-BE8D705A5F2D}.Debug|Any CPU.Build.0 = Debug|Any CPU
		{1D91C8F5-53F2-47AD-B7F7-BE8D705A5F2D}.Release|Any CPU.ActiveCfg = Release|Any CPU
		{1D91C8F5-53F2-47AD-B7F7-BE8D705A5F2D}.Release|Any CPU.Build.0 = Release|Any CPU
		{E8C7E18E-3145-4910-AD24-21086FA6C6CC}.Debug|Any CPU.ActiveCfg = Debug|Any CPU
		{E8C7E18E-3145-4910-AD24-21086FA6C6CC}.Debug|Any CPU.Build.0 = Debug|Any CPU
		{E8C7E18E-3145-4910-AD24-21086FA6C6CC}.Release|Any CPU.ActiveCfg = Release|Any CPU
		{E8C7E18E-3145-4910-AD24-21086FA6C6CC}.Release|Any CPU.Build.0 = Release|Any CPU
		{2B8A1BD7-CE2C-4E62-A618-D111AFE669E7}.Debug|Any CPU.ActiveCfg = Debug|Any CPU
		{2B8A1BD7-CE2C-4E62-A618-D111AFE669E7}.Debug|Any CPU.Build.0 = Debug|Any CPU
		{2B8A1BD7-CE2C-4E62-A618-D111AFE669E7}.Release|Any CPU.ActiveCfg = Release|Any CPU
		{2B8A1BD7-CE2C-4E62-A618-D111AFE669E7}.Release|Any CPU.Build.0 = Release|Any CPU
		{DE446D12-4AA3-493D-A47D-B79AEF651C7D}.Debug|Any CPU.ActiveCfg = Debug|Any CPU
		{DE446D12-4AA3-493D-A47D-B79AEF651C7D}.Debug|Any CPU.Build.0 = Debug|Any CPU
		{DE446D12-4AA3-493D-A47D-B79AEF651C7D}.Release|Any CPU.ActiveCfg = Release|Any CPU
		{DE446D12-4AA3-493D-A47D-B79AEF651C7D}.Release|Any CPU.Build.0 = Release|Any CPU
	EndGlobalSection
	GlobalSection(SolutionProperties) = preSolution
		HideSolutionNode = FALSE
	EndGlobalSection
	GlobalSection(NestedProjects) = preSolution
		{254873D2-0726-4468-AA2F-10D976A8DDD6} = {4FF1D16D-CCB6-4486-92BE-0BFEB906E8F2}
		{B0851E74-CFC2-4626-A894-F8336D3660D8} = {4FF1D16D-CCB6-4486-92BE-0BFEB906E8F2}
		{842FE3CC-3CFE-49A3-A9B1-0E4E2DAC9676} = {4FF1D16D-CCB6-4486-92BE-0BFEB906E8F2}
		{81FB47E2-5816-49AD-AE4D-6E37B2825566} = {254873D2-0726-4468-AA2F-10D976A8DDD6}
		{573DF7E3-350B-4F69-8EE7-FE5C4F0A5C2F} = {254873D2-0726-4468-AA2F-10D976A8DDD6}
		{1D91C8F5-53F2-47AD-B7F7-BE8D705A5F2D} = {B0851E74-CFC2-4626-A894-F8336D3660D8}
		{E8C7E18E-3145-4910-AD24-21086FA6C6CC} = {B0851E74-CFC2-4626-A894-F8336D3660D8}
		{2B8A1BD7-CE2C-4E62-A618-D111AFE669E7} = {842FE3CC-3CFE-49A3-A9B1-0E4E2DAC9676}
		{DE446D12-4AA3-493D-A47D-B79AEF651C7D} = {842FE3CC-3CFE-49A3-A9B1-0E4E2DAC9676}
	EndGlobalSection
	GlobalSection(ExtensibilityGlobals) = postSolution
		SolutionGuid = {9724FD15-9E39-4292-ADFA-D912818902A9}
	EndGlobalSection
EndGlobal
